
Microsoft Visual Studio Solution File, Format Version 12.00
# Visual Studio Version 16
VisualStudioVersion = 16.0.29911.84
MinimumVisualStudioVersion = 10.0.40219.1
Project("{FAE04EC0-301F-11D3-BF4B-00C04F79EFBC}") = "AccountOwnerServerThreeDotOne", "AccountOwnerServerThreeDotOne\AccountOwnerServerThreeDotOne.csproj", "{A180E60A-4788-4619-9B73-57D03CA115AA}"
EndProject
Project("{FAE04EC0-301F-11D3-BF4B-00C04F79EFBC}") = "Contracts", "Contracts\Contracts.csproj", "{42543805-23E6-4A54-AD82-A268FCCEB728}"
EndProject
Project("{FAE04EC0-301F-11D3-BF4B-00C04F79EFBC}") = "LoggerService", "LoggerService\LoggerService.csproj", "{36FFDC77-4C8C-483B-BB59-82BE45588914}"
EndProject
Project("{FAE04EC0-301F-11D3-BF4B-00C04F79EFBC}") = "Entities", "Entities\Entities.csproj", "{805624B2-F8D9-44D1-B047-716827F8E86C}"
EndProject
Project("{FAE04EC0-301F-11D3-BF4B-00C04F79EFBC}") = "Repository", "Repository\Repository.csproj", "{A47F0965-98BC-46ED-B2F1-2EDD667B4754}"
EndProject
Global
	GlobalSection(SolutionConfigurationPlatforms) = preSolution
		Debug|Any CPU = Debug|Any CPU
		Release|Any CPU = Release|Any CPU
	EndGlobalSection
	GlobalSection(ProjectConfigurationPlatforms) = postSolution
		{A180E60A-4788-4619-9B73-57D03CA115AA}.Debug|Any CPU.ActiveCfg = Debug|Any CPU
		{A180E60A-4788-4619-9B73-57D03CA115AA}.Debug|Any CPU.Build.0 = Debug|Any CPU
		{A180E60A-4788-4619-9B73-57D03CA115AA}.Release|Any CPU.ActiveCfg = Release|Any CPU
		{A180E60A-4788-4619-9B73-57D03CA115AA}.Release|Any CPU.Build.0 = Release|Any CPU
		{42543805-23E6-4A54-AD82-A268FCCEB728}.Debug|Any CPU.ActiveCfg = Debug|Any CPU
		{42543805-23E6-4A54-AD82-A268FCCEB728}.Debug|Any CPU.Build.0 = Debug|Any CPU
		{42543805-23E6-4A54-AD82-A268FCCEB728}.Release|Any CPU.ActiveCfg = Release|Any CPU
		{42543805-23E6-4A54-AD82-A268FCCEB728}.Release|Any CPU.Build.0 = Release|Any CPU
		{36FFDC77-4C8C-483B-BB59-82BE45588914}.Debug|Any CPU.ActiveCfg = Debug|Any CPU
		{36FFDC77-4C8C-483B-BB59-82BE45588914}.Debug|Any CPU.Build.0 = Debug|Any CPU
		{36FFDC77-4C8C-483B-BB59-82BE45588914}.Release|Any CPU.ActiveCfg = Release|Any CPU
		{36FFDC77-4C8C-483B-BB59-82BE45588914}.Release|Any CPU.Build.0 = Release|Any CPU
		{805624B2-F8D9-44D1-B047-716827F8E86C}.Debug|Any CPU.ActiveCfg = Debug|Any CPU
		{805624B2-F8D9-44D1-B047-716827F8E86C}.Debug|Any CPU.Build.0 = Debug|Any CPU
		{805624B2-F8D9-44D1-B047-716827F8E86C}.Release|Any CPU.ActiveCfg = Release|Any CPU
		{805624B2-F8D9-44D1-B047-716827F8E86C}.Release|Any CPU.Build.0 = Release|Any CPU
		{A47F0965-98BC-46ED-B2F1-2EDD667B4754}.Debug|Any CPU.ActiveCfg = Debug|Any CPU
		{A47F0965-98BC-46ED-B2F1-2EDD667B4754}.Debug|Any CPU.Build.0 = Debug|Any CPU
		{A47F0965-98BC-46ED-B2F1-2EDD667B4754}.Release|Any CPU.ActiveCfg = Release|Any CPU
		{A47F0965-98BC-46ED-B2F1-2EDD667B4754}.Release|Any CPU.Build.0 = Release|Any CPU
	EndGlobalSection
	GlobalSection(SolutionProperties) = preSolution
		HideSolutionNode = FALSE
	EndGlobalSection
	GlobalSection(ExtensibilityGlobals) = postSolution
		SolutionGuid = {1345294C-979E-4582-B57D-8BC7593C5570}
	EndGlobalSection
EndGlobal
